// !$*UTF8*$!
{
	archiveVersion = 1;
	classes = {
	};
	objectVersion = 46;
	objects = {

/* Begin PBXBuildFile section */
		384998261C0F6F3D0029FEEF /* AppDelegate.swift in Sources */ = {isa = PBXBuildFile; fileRef = 384998251C0F6F3D0029FEEF /* AppDelegate.swift */; };
		384998281C0F6F3D0029FEEF /* ViewController.swift in Sources */ = {isa = PBXBuildFile; fileRef = 384998271C0F6F3D0029FEEF /* ViewController.swift */; };
		3849982B1C0F6F3D0029FEEF /* Main.storyboard in Resources */ = {isa = PBXBuildFile; fileRef = 384998291C0F6F3D0029FEEF /* Main.storyboard */; };
		3849982D1C0F6F3D0029FEEF /* Images.xcassets in Resources */ = {isa = PBXBuildFile; fileRef = 3849982C1C0F6F3D0029FEEF /* Images.xcassets */; };
		384998301C0F6F3D0029FEEF /* LaunchScreen.xib in Resources */ = {isa = PBXBuildFile; fileRef = 3849982E1C0F6F3D0029FEEF /* LaunchScreen.xib */; };
		3849983C1C0F6F3D0029FEEF /* TipCalculatorTests.swift in Sources */ = {isa = PBXBuildFile; fileRef = 3849983B1C0F6F3D0029FEEF /* TipCalculatorTests.swift */; };
/* End PBXBuildFile section */

/* Begin PBXContainerItemProxy section */
		384998361C0F6F3D0029FEEF /* PBXContainerItemProxy */ = {
			isa = PBXContainerItemProxy;
			containerPortal = 384998181C0F6F3D0029FEEF /* Project object */;
			proxyType = 1;
			remoteGlobalIDString = 3849981F1C0F6F3D0029FEEF;
			remoteInfo = TipCalculator;
		};
/* End PBXContainerItemProxy section */

/* Begin PBXFileReference section */
		384998201C0F6F3D0029FEEF /* TipCalculator.app */ = {isa = PBXFileReference; explicitFileType = wrapper.application; includeInIndex = 0; path = TipCalculator.app; sourceTree = BUILT_PRODUCTS_DIR; };
		384998241C0F6F3D0029FEEF /* Info.plist */ = {isa = PBXFileReference; lastKnownFileType = text.plist.xml; path = Info.plist; sourceTree = "<group>"; };
		384998251C0F6F3D0029FEEF /* AppDelegate.swift */ = {isa = PBXFileReference; lastKnownFileType = sourcecode.swift; path = AppDelegate.swift; sourceTree = "<group>"; };
		384998271C0F6F3D0029FEEF /* ViewController.swift */ = {isa = PBXFileReference; lastKnownFileType = sourcecode.swift; path = ViewController.swift; sourceTree = "<group>"; };
		3849982A1C0F6F3D0029FEEF /* Base */ = {isa = PBXFileReference; lastKnownFileType = file.storyboard; name = Base; path = Base.lproj/Main.storyboard; sourceTree = "<group>"; };
		3849982C1C0F6F3D0029FEEF /* Images.xcassets */ = {isa = PBXFileReference; lastKnownFileType = folder.assetcatalog; path = Images.xcassets; sourceTree = "<group>"; };
		3849982F1C0F6F3D0029FEEF /* Base */ = {isa = PBXFileReference; lastKnownFileType = file.xib; name = Base; path = Base.lproj/LaunchScreen.xib; sourceTree = "<group>"; };
		384998351C0F6F3D0029FEEF /* TipCalculatorTests.xctest */ = {isa = PBXFileReference; explicitFileType = wrapper.cfbundle; includeInIndex = 0; path = TipCalculatorTests.xctest; sourceTree = BUILT_PRODUCTS_DIR; };
		3849983A1C0F6F3D0029FEEF /* Info.plist */ = {isa = PBXFileReference; lastKnownFileType = text.plist.xml; path = Info.plist; sourceTree = "<group>"; };
		3849983B1C0F6F3D0029FEEF /* TipCalculatorTests.swift */ = {isa = PBXFileReference; lastKnownFileType = sourcecode.swift; path = TipCalculatorTests.swift; sourceTree = "<group>"; };
/* End PBXFileReference section */

/* Begin PBXFrameworksBuildPhase section */
		3849981D1C0F6F3D0029FEEF /* Frameworks */ = {
			isa = PBXFrameworksBuildPhase;
			buildActionMask = 2147483647;
			files = (
			);
			runOnlyForDeploymentPostprocessing = 0;
		};
		384998321C0F6F3D0029FEEF /* Frameworks */ = {
			isa = PBXFrameworksBuildPhase;
			buildActionMask = 2147483647;
			files = (
			);
			runOnlyForDeploymentPostprocessing = 0;
		};
/* End PBXFrameworksBuildPhase section */

/* Begin PBXGroup section */
		384998171C0F6F3D0029FEEF = {
			isa = PBXGroup;
			children = (
				384998221C0F6F3D0029FEEF /* TipCalculator */,
				384998381C0F6F3D0029FEEF /* TipCalculatorTests */,
				384998211C0F6F3D0029FEEF /* Products */,
			);
			sourceTree = "<group>";
		};
		384998211C0F6F3D0029FEEF /* Products */ = {
			isa = PBXGroup;
			children = (
				384998201C0F6F3D0029FEEF /* TipCalculator.app */,
				384998351C0F6F3D0029FEEF /* TipCalculatorTests.xctest */,
			);
			name = Products;
			sourceTree = "<group>";
		};
		384998221C0F6F3D0029FEEF /* TipCalculator */ = {
			isa = PBXGroup;
			children = (
				384998251C0F6F3D0029FEEF /* AppDelegate.swift */,
				384998271C0F6F3D0029FEEF /* ViewController.swift */,
				384998291C0F6F3D0029FEEF /* Main.storyboard */,
				3849982C1C0F6F3D0029FEEF /* Images.xcassets */,
				3849982E1C0F6F3D0029FEEF /* LaunchScreen.xib */,
				384998231C0F6F3D0029FEEF /* Supporting Files */,
			);
			path = TipCalculator;
			sourceTree = "<group>";
		};
		384998231C0F6F3D0029FEEF /* Supporting Files */ = {
			isa = PBXGroup;
			children = (
				384998241C0F6F3D0029FEEF /* Info.plist */,
			);
			name = "Supporting Files";
			sourceTree = "<group>";
		};
		384998381C0F6F3D0029FEEF /* TipCalculatorTests */ = {
			isa = PBXGroup;
			children = (
				3849983B1C0F6F3D0029FEEF /* TipCalculatorTests.swift */,
				384998391C0F6F3D0029FEEF /* Supporting Files */,
			);
			path = TipCalculatorTests;
			sourceTree = "<group>";
		};
		384998391C0F6F3D0029FEEF /* Supporting Files */ = {
			isa = PBXGroup;
			children = (
				3849983A1C0F6F3D0029FEEF /* Info.plist */,
			);
			name = "Supporting Files";
			sourceTree = "<group>";
		};
/* End PBXGroup section */

/* Begin PBXNativeTarget section */
		3849981F1C0F6F3D0029FEEF /* TipCalculator */ = {
			isa = PBXNativeTarget;
			buildConfigurationList = 3849983F1C0F6F3D0029FEEF /* Build configuration list for PBXNativeTarget "TipCalculator" */;
			buildPhases = (
				3849981C1C0F6F3D0029FEEF /* Sources */,
				3849981D1C0F6F3D0029FEEF /* Frameworks */,
				3849981E1C0F6F3D0029FEEF /* Resources */,
			);
			buildRules = (
			);
			dependencies = (
			);
			name = TipCalculator;
			productName = TipCalculator;
			productReference = 384998201C0F6F3D0029FEEF /* TipCalculator.app */;
			productType = "com.apple.product-type.application";
		};
		384998341C0F6F3D0029FEEF /* TipCalculatorTests */ = {
			isa = PBXNativeTarget;
			buildConfigurationList = 384998421C0F6F3D0029FEEF /* Build configuration list for PBXNativeTarget "TipCalculatorTests" */;
			buildPhases = (
				384998311C0F6F3D0029FEEF /* Sources */,
				384998321C0F6F3D0029FEEF /* Frameworks */,
				384998331C0F6F3D0029FEEF /* Resources */,
			);
			buildRules = (
			);
			dependencies = (
				384998371C0F6F3D0029FEEF /* PBXTargetDependency */,
			);
			name = TipCalculatorTests;
			productName = TipCalculatorTests;
			productReference = 384998351C0F6F3D0029FEEF /* TipCalculatorTests.xctest */;
			productType = "com.apple.product-type.bundle.unit-test";
		};
/* End PBXNativeTarget section */

/* Begin PBXProject section */
		384998181C0F6F3D0029FEEF /* Project object */ = {
			isa = PBXProject;
			attributes = {
				LastUpgradeCheck = 0630;
				ORGANIZATIONNAME = CodePath;
				TargetAttributes = {
					3849981F1C0F6F3D0029FEEF = {
						CreatedOnToolsVersion = 6.3;
					};
					384998341C0F6F3D0029FEEF = {
						CreatedOnToolsVersion = 6.3;
						TestTargetID = 3849981F1C0F6F3D0029FEEF;
					};
				};
			};
			buildConfigurationList = 3849981B1C0F6F3D0029FEEF /* Build configuration list for PBXProject "TipCalculator" */;
			compatibilityVersion = "Xcode 3.2";
			developmentRegion = English;
			hasScannedForEncodings = 0;
			knownRegions = (
				en,
				Base,
			);
			mainGroup = 384998171C0F6F3D0029FEEF;
			productRefGroup = 384998211C0F6F3D0029FEEF /* Products */;
			projectDirPath = "";
			projectRoot = "";
			targets = (
				3849981F1C0F6F3D0029FEEF /* TipCalculator */,
				384998341C0F6F3D0029FEEF /* TipCalculatorTests */,
			);
		};
/* End PBXProject section */

/* Begin PBXResourcesBuildPhase section */
		3849981E1C0F6F3D0029FEEF /* Resources */ = {
			isa = PBXResourcesBuildPhase;
			buildActionMask = 2147483647;
			files = (
				3849982B1C0F6F3D0029FEEF /* Main.storyboard in Resources */,
				384998301C0F6F3D0029FEEF /* LaunchScreen.xib in Resources */,
				3849982D1C0F6F3D0029FEEF /* Images.xcassets in Resources */,
			);
			runOnlyForDeploymentPostprocessing = 0;
		};
		384998331C0F6F3D0029FEEF /* Resources */ = {
			isa = PBXResourcesBuildPhase;
			buildActionMask = 2147483647;
			files = (
			);
			runOnlyForDeploymentPostprocessing = 0;
		};
/* End PBXResourcesBuildPhase section */

/* Begin PBXSourcesBuildPhase section */
		3849981C1C0F6F3D0029FEEF /* Sources */ = {
			isa = PBXSourcesBuildPhase;
			buildActionMask = 2147483647;
			files = (
				384998281C0F6F3D0029FEEF /* ViewController.swift in Sources */,
				384998261C0F6F3D0029FEEF /* AppDelegate.swift in Sources */,
			);
			runOnlyForDeploymentPostprocessing = 0;
		};
		384998311C0F6F3D0029FEEF /* Sources */ = {
			isa = PBXSourcesBuildPhase;
			buildActionMask = 2147483647;
			files = (
				3849983C1C0F6F3D0029FEEF /* TipCalculatorTests.swift in Sources */,
			);
			runOnlyForDeploymentPostprocessing = 0;
		};
/* End PBXSourcesBuildPhase section */

/* Begin PBXTargetDependency section */
		384998371C0F6F3D0029FEEF /* PBXTargetDependency */ = {
			isa = PBXTargetDependency;
			target = 3849981F1C0F6F3D0029FEEF /* TipCalculator */;
			targetProxy = 384998361C0F6F3D0029FEEF /* PBXContainerItemProxy */;
		};
/* End PBXTargetDependency section */

/* Begin PBXVariantGroup section */
		384998291C0F6F3D0029FEEF /* Main.storyboard */ = {
			isa = PBXVariantGroup;
			children = (
				3849982A1C0F6F3D0029FEEF /* Base */,
			);
			name = Main.storyboard;
			sourceTree = "<group>";
		};
		3849982E1C0F6F3D0029FEEF /* LaunchScreen.xib */ = {
			isa = PBXVariantGroup;
			children = (
				3849982F1C0F6F3D0029FEEF /* Base */,
			);
			name = LaunchScreen.xib;
			sourceTree = "<group>";
		};
/* End PBXVariantGroup section */

/* Begin XCBuildConfiguration section */
		3849983D1C0F6F3D0029FEEF /* Debug */ = {
			isa = XCBuildConfiguration;
			buildSettings = {
				ALWAYS_SEARCH_USER_PATHS = NO;
				CLANG_CXX_LANGUAGE_STANDARD = "gnu++0x";
				CLANG_CXX_LIBRARY = "libc++";
				CLANG_ENABLE_MODULES = YES;
				CLANG_ENABLE_OBJC_ARC = YES;
				CLANG_WARN_BOOL_CONVERSION = YES;
				CLANG_WARN_CONSTANT_CONVERSION = YES;
				CLANG_WARN_DIRECT_OBJC_ISA_USAGE = YES_ERROR;
				CLANG_WARN_EMPTY_BODY = YES;
				CLANG_WARN_ENUM_CONVERSION = YES;
				CLANG_WARN_INT_CONVERSION = YES;
				CLANG_WARN_OBJC_ROOT_CLASS = YES_ERROR;
				CLANG_WARN_UNREACHABLE_CODE = YES;
				CLANG_WARN__DUPLICATE_METHOD_MATCH = YES;
				"CODE_SIGN_IDENTITY[sdk=iphoneos*]" = "iPhone Developer";
				COPY_PHASE_STRIP = NO;
				DEBUG_INFORMATION_FORMAT = "dwarf-with-dsym";
				ENABLE_STRICT_OBJC_MSGSEND = YES;
				GCC_C_LANGUAGE_STANDARD = gnu99;
				GCC_DYNAMIC_NO_PIC = NO;
				GCC_NO_COMMON_BLOCKS = YES;
				GCC_OPTIMIZATION_LEVEL = 0;
				GCC_PREPROCESSOR_DEFINITIONS = (
					"DEBUG=1",
					"$(inherited)",
				);
				GCC_SYMBOLS_PRIVATE_EXTERN = NO;
				GCC_WARN_64_TO_32_BIT_CONVERSION = YES;
				GCC_WARN_ABOUT_RETURN_TYPE = YES_ERROR;
				GCC_WARN_UNDECLARED_SELECTOR = YES;
				GCC_WARN_UNINITIALIZED_AUTOS = YES_AGGRESSIVE;
				GCC_WARN_UNUSED_FUNCTION = YES;
				GCC_WARN_UNUSED_VARIABLE = YES;
				IPHONEOS_DEPLOYMENT_TARGET = 8.3;
				MTL_ENABLE_DEBUG_INFO = YES;
				ONLY_ACTIVE_ARCH = YES;
				SDKROOT = iphoneos;
				SWIFT_OPTIMIZATION_LEVEL = "-Onone";
			};
			name = Debug;
		};
		3849983E1C0F6F3D0029FEEF /* Release */ = {
			isa = XCBuildConfiguration;
			buildSettings = {
				ALWAYS_SEARCH_USER_PATHS = NO;
				CLANG_CXX_LANGUAGE_STANDARD = "gnu++0x";
				CLANG_CXX_LIBRARY = "libc++";
				CLANG_ENABLE_MODULES = YES;
				CLANG_ENABLE_OBJC_ARC = YES;
				CLANG_WARN_BOOL_CONVERSION = YES;
				CLANG_WARN_CONSTANT_CONVERSION = YES;
				CLANG_WARN_DIRECT_OBJC_ISA_USAGE = YES_ERROR;
				CLANG_WARN_EMPTY_BODY = YES;
				CLANG_WARN_ENUM_CONVERSION = YES;
				CLANG_WARN_INT_CONVERSION = YES;
				CLANG_WARN_OBJC_ROOT_CLASS = YES_ERROR;
				CLANG_WARN_UNREACHABLE_CODE = YES;
				CLANG_WARN__DUPLICATE_METHOD_MATCH = YES;
				"CODE_SIGN_IDENTITY[sdk=iphoneos*]" = "iPhone Developer";
				COPY_PHASE_STRIP = NO;
				DEBUG_INFORMATION_FORMAT = "dwarf-with-dsym";
				ENABLE_NS_ASSERTIONS = NO;
				ENABLE_STRICT_OBJC_MSGSEND = YES;
				GCC_C_LANGUAGE_STANDARD = gnu99;
				GCC_NO_COMMON_BLOCKS = YES;
				GCC_WARN_64_TO_32_BIT_CONVERSION = YES;
				GCC_WARN_ABOUT_RETURN_TYPE = YES_ERROR;
				GCC_WARN_UNDECLARED_SELECTOR = YES;
				GCC_WARN_UNINITIALIZED_AUTOS = YES_AGGRESSIVE;
				GCC_WARN_UNUSED_FUNCTION = YES;
				GCC_WARN_UNUSED_VARIABLE = YES;
				IPHONEOS_DEPLOYMENT_TARGET = 8.3;
				MTL_ENABLE_DEBUG_INFO = NO;
				SDKROOT = iphoneos;
				VALIDATE_PRODUCT = YES;
			};
			name = Release;
		};
		384998401C0F6F3D0029FEEF /* Debug */ = {
			isa = XCBuildConfiguration;
			buildSettings = {
				ASSETCATALOG_COMPILER_APPICON_NAME = AppIcon;
				INFOPLIST_FILE = TipCalculator/Info.plist;
				LD_RUNPATH_SEARCH_PATHS = "$(inherited) @executable_path/Frameworks";
				PRODUCT_NAME = "$(TARGET_NAME)";
			};
			name = Debug;
		};
		384998411C0F6F3D0029FEEF /* Release */ = {
			isa = XCBuildConfiguration;
			buildSettings = {
				ASSETCATALOG_COMPILER_APPICON_NAME = AppIcon;
				INFOPLIST_FILE = TipCalculator/Info.plist;
				LD_RUNPATH_SEARCH_PATHS = "$(inherited) @executable_path/Frameworks";
				PRODUCT_NAME = "$(TARGET_NAME)";
			};
			name = Release;
		};
		384998431C0F6F3D0029FEEF /* Debug */ = {
			isa = XCBuildConfiguration;
			buildSettings = {
				BUNDLE_LOADER = "$(TEST_HOST)";
				FRAMEWORK_SEARCH_PATHS = (
					"$(SDKROOT)/Developer/Library/Frameworks",
					"$(inherited)",
				);
				GCC_PREPROCESSOR_DEFINITIONS = (
					"DEBUG=1",
					"$(inherited)",
				);
				INFOPLIST_FILE = TipCalculatorTests/Info.plist;
				LD_RUNPATH_SEARCH_PATHS = "$(inherited) @executable_path/Frameworks @loader_path/Frameworks";
				PRODUCT_NAME = "$(TARGET_NAME)";
				TEST_HOST = "$(BUILT_PRODUCTS_DIR)/TipCalculator.app/TipCalculator";
			};
			name = Debug;
		};
		384998441C0F6F3D0029FEEF /* Release */ = {
			isa = XCBuildConfiguration;
			buildSettings = {
				BUNDLE_LOADER = "$(TEST_HOST)";
				FRAMEWORK_SEARCH_PATHS = (
					"$(SDKROOT)/Developer/Library/Frameworks",
					"$(inherited)",
				);
				INFOPLIST_FILE = TipCalculatorTests/Info.plist;
				LD_RUNPATH_SEARCH_PATHS = "$(inherited) @executable_path/Frameworks @loader_path/Frameworks";
				PRODUCT_NAME = "$(TARGET_NAME)";
				TEST_HOST = "$(BUILT_PRODUCTS_DIR)/TipCalculator.app/TipCalculator";
			};
			name = Release;
		};
/* End XCBuildConfiguration section */

/* Begin XCConfigurationList section */
		3849981B1C0F6F3D0029FEEF /* Build configuration list for PBXProject "TipCalculator" */ = {
			isa = XCConfigurationList;
			buildConfigurations = (
				3849983D1C0F6F3D0029FEEF /* Debug */,
				3849983E1C0F6F3D0029FEEF /* Release */,
			);
			defaultConfigurationIsVisible = 0;
			defaultConfigurationName = Release;
		};
		3849983F1C0F6F3D0029FEEF /* Build configuration list for PBXNativeTarget "TipCalculator" */ = {
			isa = XCConfigurationList;
			buildConfigurations = (
				384998401C0F6F3D0029FEEF /* Debug */,
				384998411C0F6F3D0029FEEF /* Release */,
			);
			defaultConfigurationIsVisible = 0;
		};
		384998421C0F6F3D0029FEEF /* Build configuration list for PBXNativeTarget "TipCalculatorTests" */ = {
			isa = XCConfigurationList;
			buildConfigurations = (
				384998431C0F6F3D0029FEEF /* Debug */,
				384998441C0F6F3D0029FEEF /* Release */,
			);
			defaultConfigurationIsVisible = 0;
		};
/* End XCConfigurationList section */
	};
	rootObject = 384998181C0F6F3D0029FEEF /* Project object */;
}
